
Microsoft Visual Studio Solution File, Format Version 12.00
# Visual Studio Version 17
VisualStudioVersion = 17.12.35707.178 d17.12
MinimumVisualStudioVersion = 10.0.40219.1
Project("{FAE04EC0-301F-11D3-BF4B-00C04F79EFBC}") = "Cental.EntityLayer", "Cental.EntityLayer\Cental.EntityLayer.csproj", "{ABE874D4-5C79-4DAA-925F-47E132694A20}"
EndProject
Project("{FAE04EC0-301F-11D3-BF4B-00C04F79EFBC}") = "Cental.DataAccessLayer", "Cental.DataAccessLayer\Cental.DataAccessLayer.csproj", "{2C53FFF7-8C2D-4FF9-9DBA-3292D2B9F030}"
EndProject
Project("{FAE04EC0-301F-11D3-BF4B-00C04F79EFBC}") = "Cental.BusinessLayer", "Cental.BusinessLayer\Cental.BusinessLayer.csproj", "{21C9F43E-E751-4E29-985C-70A85D19B23E}"
EndProject
Project("{FAE04EC0-301F-11D3-BF4B-00C04F79EFBC}") = "Cental.DTOLayer", "Cental.DTOLayer\Cental.DTOLayer.csproj", "{95043500-67F0-4AE3-B178-DFE4F621C275}"
EndProject
Project("{FAE04EC0-301F-11D3-BF4B-00C04F79EFBC}") = "Cental.WebUI", "Cental.WebUI\Cental.WebUI.csproj", "{CA58577A-3F6C-48F2-AEFF-EE5392BBDFA0}"
EndProject
Global
	GlobalSection(SolutionConfigurationPlatforms) = preSolution
		Debug|Any CPU = Debug|Any CPU
		Release|Any CPU = Release|Any CPU
	EndGlobalSection
	GlobalSection(ProjectConfigurationPlatforms) = postSolution
		{ABE874D4-5C79-4DAA-925F-47E132694A20}.Debug|Any CPU.ActiveCfg = Debug|Any CPU
		{ABE874D4-5C79-4DAA-925F-47E132694A20}.Debug|Any CPU.Build.0 = Debug|Any CPU
		{ABE874D4-5C79-4DAA-925F-47E132694A20}.Release|Any CPU.ActiveCfg = Release|Any CPU
		{ABE874D4-5C79-4DAA-925F-47E132694A20}.Release|Any CPU.Build.0 = Release|Any CPU
		{2C53FFF7-8C2D-4FF9-9DBA-3292D2B9F030}.Debug|Any CPU.ActiveCfg = Debug|Any CPU
		{2C53FFF7-8C2D-4FF9-9DBA-3292D2B9F030}.Debug|Any CPU.Build.0 = Debug|Any CPU
		{2C53FFF7-8C2D-4FF9-9DBA-3292D2B9F030}.Release|Any CPU.ActiveCfg = Release|Any CPU
		{2C53FFF7-8C2D-4FF9-9DBA-3292D2B9F030}.Release|Any CPU.Build.0 = Release|Any CPU
		{21C9F43E-E751-4E29-985C-70A85D19B23E}.Debug|Any CPU.ActiveCfg = Debug|Any CPU
		{21C9F43E-E751-4E29-985C-70A85D19B23E}.Debug|Any CPU.Build.0 = Debug|Any CPU
		{21C9F43E-E751-4E29-985C-70A85D19B23E}.Release|Any CPU.ActiveCfg = Release|Any CPU
		{21C9F43E-E751-4E29-985C-70A85D19B23E}.Release|Any CPU.Build.0 = Release|Any CPU
		{95043500-67F0-4AE3-B178-DFE4F621C275}.Debug|Any CPU.ActiveCfg = Debug|Any CPU
		{95043500-67F0-4AE3-B178-DFE4F621C275}.Debug|Any CPU.Build.0 = Debug|Any CPU
		{95043500-67F0-4AE3-B178-DFE4F621C275}.Release|Any CPU.ActiveCfg = Release|Any CPU
		{95043500-67F0-4AE3-B178-DFE4F621C275}.Release|Any CPU.Build.0 = Release|Any CPU
		{CA58577A-3F6C-48F2-AEFF-EE5392BBDFA0}.Debug|Any CPU.ActiveCfg = Debug|Any CPU
		{CA58577A-3F6C-48F2-AEFF-EE5392BBDFA0}.Debug|Any CPU.Build.0 = Debug|Any CPU
		{CA58577A-3F6C-48F2-AEFF-EE5392BBDFA0}.Release|Any CPU.ActiveCfg = Release|Any CPU
		{CA58577A-3F6C-48F2-AEFF-EE5392BBDFA0}.Release|Any CPU.Build.0 = Release|Any CPU
	EndGlobalSection
	GlobalSection(SolutionProperties) = preSolution
		HideSolutionNode = FALSE
	EndGlobalSection
EndGlobal
